// !$*UTF8*$!
{
	archiveVersion = 1;
	classes = {
	};
	objectVersion = 46;
	objects = {

/* Begin PBXBuildFile section */
		9E1151E81E3643C90018BA68 /* APIClient.swift in Sources */ = {isa = PBXBuildFile; fileRef = 9E1151E71E3643C90018BA68 /* APIClient.swift */; };
		9E1151EA1E36528E0018BA68 /* Models.swift in Sources */ = {isa = PBXBuildFile; fileRef = 9E1151E91E36528E0018BA68 /* Models.swift */; };
		9E1151EC1E36579F0018BA68 /* MovieClient.swift in Sources */ = {isa = PBXBuildFile; fileRef = 9E1151EB1E36579F0018BA68 /* MovieClient.swift */; };
		9E391BE61E369D1500D8EEB0 /* GenresListViewController.swift in Sources */ = {isa = PBXBuildFile; fileRef = 9E391BE51E369D1500D8EEB0 /* GenresListViewController.swift */; };
		9E391BE81E369D4B00D8EEB0 /* MoviesListViewController.swift in Sources */ = {isa = PBXBuildFile; fileRef = 9E391BE71E369D4B00D8EEB0 /* MoviesListViewController.swift */; };
		9E391BEA1E369D7200D8EEB0 /* MovieResultsListViewController.swift in Sources */ = {isa = PBXBuildFile; fileRef = 9E391BE91E369D7200D8EEB0 /* MovieResultsListViewController.swift */; };
		9E391BEC1E369DA500D8EEB0 /* MovieResultsDetailViewController.swift in Sources */ = {isa = PBXBuildFile; fileRef = 9E391BEB1E369DA500D8EEB0 /* MovieResultsDetailViewController.swift */; };
		9E96ACD01E32698700ABC59D /* AppDelegate.swift in Sources */ = {isa = PBXBuildFile; fileRef = 9E96ACCF1E32698700ABC59D /* AppDelegate.swift */; };
		9E96ACD21E32698700ABC59D /* ViewController.swift in Sources */ = {isa = PBXBuildFile; fileRef = 9E96ACD11E32698700ABC59D /* ViewController.swift */; };
		9E96ACD51E32698700ABC59D /* Main.storyboard in Resources */ = {isa = PBXBuildFile; fileRef = 9E96ACD31E32698700ABC59D /* Main.storyboard */; };
		9E96ACDA1E32698700ABC59D /* LaunchScreen.storyboard in Resources */ = {isa = PBXBuildFile; fileRef = 9E96ACD81E32698700ABC59D /* LaunchScreen.storyboard */; };
		9EA8C1991E37A55300E6D231 /* Helpers.swift in Sources */ = {isa = PBXBuildFile; fileRef = 9EA8C1981E37A55300E6D231 /* Helpers.swift */; };
		9EB8F0191E36C3DB00178420 /* GenreTableViewCell.swift in Sources */ = {isa = PBXBuildFile; fileRef = 9EB8F0181E36C3DB00178420 /* GenreTableViewCell.swift */; };
		9EB8F01B1E36D4D700178420 /* Assets.xcassets in Resources */ = {isa = PBXBuildFile; fileRef = 9EB8F01A1E36D4D700178420 /* Assets.xcassets */; };
/* End PBXBuildFile section */

/* Begin PBXFileReference section */
		9E1151E71E3643C90018BA68 /* APIClient.swift */ = {isa = PBXFileReference; fileEncoding = 4; lastKnownFileType = sourcecode.swift; path = APIClient.swift; sourceTree = "<group>"; };
		9E1151E91E36528E0018BA68 /* Models.swift */ = {isa = PBXFileReference; fileEncoding = 4; lastKnownFileType = sourcecode.swift; path = Models.swift; sourceTree = "<group>"; };
		9E1151EB1E36579F0018BA68 /* MovieClient.swift */ = {isa = PBXFileReference; fileEncoding = 4; lastKnownFileType = sourcecode.swift; path = MovieClient.swift; sourceTree = "<group>"; };
		9E391BE51E369D1500D8EEB0 /* GenresListViewController.swift */ = {isa = PBXFileReference; fileEncoding = 4; lastKnownFileType = sourcecode.swift; path = GenresListViewController.swift; sourceTree = "<group>"; };
		9E391BE71E369D4B00D8EEB0 /* MoviesListViewController.swift */ = {isa = PBXFileReference; fileEncoding = 4; lastKnownFileType = sourcecode.swift; path = MoviesListViewController.swift; sourceTree = "<group>"; };
		9E391BE91E369D7200D8EEB0 /* MovieResultsListViewController.swift */ = {isa = PBXFileReference; fileEncoding = 4; lastKnownFileType = sourcecode.swift; path = MovieResultsListViewController.swift; sourceTree = "<group>"; };
		9E391BEB1E369DA500D8EEB0 /* MovieResultsDetailViewController.swift */ = {isa = PBXFileReference; fileEncoding = 4; lastKnownFileType = sourcecode.swift; path = MovieResultsDetailViewController.swift; sourceTree = "<group>"; };
		9E96ACCC1E32698700ABC59D /* MovieNight.app */ = {isa = PBXFileReference; explicitFileType = wrapper.application; includeInIndex = 0; path = MovieNight.app; sourceTree = BUILT_PRODUCTS_DIR; };
		9E96ACCF1E32698700ABC59D /* AppDelegate.swift */ = {isa = PBXFileReference; lastKnownFileType = sourcecode.swift; path = AppDelegate.swift; sourceTree = "<group>"; };
		9E96ACD11E32698700ABC59D /* ViewController.swift */ = {isa = PBXFileReference; lastKnownFileType = sourcecode.swift; path = ViewController.swift; sourceTree = "<group>"; };
		9E96ACD41E32698700ABC59D /* Base */ = {isa = PBXFileReference; lastKnownFileType = file.storyboard; name = Base; path = Base.lproj/Main.storyboard; sourceTree = "<group>"; };
		9E96ACD91E32698700ABC59D /* Base */ = {isa = PBXFileReference; lastKnownFileType = file.storyboard; name = Base; path = Base.lproj/LaunchScreen.storyboard; sourceTree = "<group>"; };
		9E96ACDB1E32698700ABC59D /* Info.plist */ = {isa = PBXFileReference; lastKnownFileType = text.plist.xml; path = Info.plist; sourceTree = "<group>"; };
		9EA8C1981E37A55300E6D231 /* Helpers.swift */ = {isa = PBXFileReference; fileEncoding = 4; lastKnownFileType = sourcecode.swift; path = Helpers.swift; sourceTree = "<group>"; };
		9EB8F0181E36C3DB00178420 /* GenreTableViewCell.swift */ = {isa = PBXFileReference; fileEncoding = 4; lastKnownFileType = sourcecode.swift; path = GenreTableViewCell.swift; sourceTree = "<group>"; };
		9EB8F01A1E36D4D700178420 /* Assets.xcassets */ = {isa = PBXFileReference; lastKnownFileType = folder.assetcatalog; path = Assets.xcassets; sourceTree = "<group>"; };
/* End PBXFileReference section */

/* Begin PBXFrameworksBuildPhase section */
		9E96ACC91E32698700ABC59D /* Frameworks */ = {
			isa = PBXFrameworksBuildPhase;
			buildActionMask = 2147483647;
			files = (
			);
			runOnlyForDeploymentPostprocessing = 0;
		};
/* End PBXFrameworksBuildPhase section */

/* Begin PBXGroup section */
		9E96ACC31E32698700ABC59D = {
			isa = PBXGroup;
			children = (
				9E96ACCE1E32698700ABC59D /* MovieNight */,
				9E96ACCD1E32698700ABC59D /* Products */,
			);
			sourceTree = "<group>";
		};
		9E96ACCD1E32698700ABC59D /* Products */ = {
			isa = PBXGroup;
			children = (
				9E96ACCC1E32698700ABC59D /* MovieNight.app */,
			);
			name = Products;
			sourceTree = "<group>";
		};
		9E96ACCE1E32698700ABC59D /* MovieNight */ = {
			isa = PBXGroup;
			children = (
				9E96ACCF1E32698700ABC59D /* AppDelegate.swift */,
				9E96ACD11E32698700ABC59D /* ViewController.swift */,
				9E96ACD31E32698700ABC59D /* Main.storyboard */,
				9E96ACD81E32698700ABC59D /* LaunchScreen.storyboard */,
				9EB8F01A1E36D4D700178420 /* Assets.xcassets */,
				9E96ACDB1E32698700ABC59D /* Info.plist */,
				9E1151E91E36528E0018BA68 /* Models.swift */,
				9E391BE51E369D1500D8EEB0 /* GenresListViewController.swift */,
				9EB8F0181E36C3DB00178420 /* GenreTableViewCell.swift */,
				9E391BE71E369D4B00D8EEB0 /* MoviesListViewController.swift */,
				9E391BE91E369D7200D8EEB0 /* MovieResultsListViewController.swift */,
				9E391BEB1E369DA500D8EEB0 /* MovieResultsDetailViewController.swift */,
				9EA8C1981E37A55300E6D231 /* Helpers.swift */,
				9EB8F0171E36C1D500178420 /* API Client */,
			);
			path = MovieNight;
			sourceTree = "<group>";
		};
		9EB8F0171E36C1D500178420 /* API Client */ = {
			isa = PBXGroup;
			children = (
				9E1151E71E3643C90018BA68 /* APIClient.swift */,
				9E1151EB1E36579F0018BA68 /* MovieClient.swift */,
			);
			name = "API Client";
			sourceTree = "<group>";
		};
/* End PBXGroup section */

/* Begin PBXNativeTarget section */
		9E96ACCB1E32698700ABC59D /* MovieNight */ = {
			isa = PBXNativeTarget;
			buildConfigurationList = 9E96ACDE1E32698700ABC59D /* Build configuration list for PBXNativeTarget "MovieNight" */;
			buildPhases = (
				9E96ACC81E32698700ABC59D /* Sources */,
				9E96ACC91E32698700ABC59D /* Frameworks */,
				9E96ACCA1E32698700ABC59D /* Resources */,
			);
			buildRules = (
			);
			dependencies = (
			);
			name = MovieNight;
			productName = MovieNight;
			productReference = 9E96ACCC1E32698700ABC59D /* MovieNight.app */;
			productType = "com.apple.product-type.application";
		};
/* End PBXNativeTarget section */

/* Begin PBXProject section */
		9E96ACC41E32698700ABC59D /* Project object */ = {
			isa = PBXProject;
			attributes = {
				LastSwiftUpdateCheck = 0820;
				LastUpgradeCheck = 0820;
				ORGANIZATIONNAME = JoLingenfelter;
				TargetAttributes = {
					9E96ACCB1E32698700ABC59D = {
						CreatedOnToolsVersion = 8.2.1;
						DevelopmentTeam = 2K6RX929EU;
						ProvisioningStyle = Automatic;
					};
				};
			};
			buildConfigurationList = 9E96ACC71E32698700ABC59D /* Build configuration list for PBXProject "MovieNight" */;
			compatibilityVersion = "Xcode 3.2";
			developmentRegion = English;
			hasScannedForEncodings = 0;
			knownRegions = (
				en,
				Base,
			);
			mainGroup = 9E96ACC31E32698700ABC59D;
			productRefGroup = 9E96ACCD1E32698700ABC59D /* Products */;
			projectDirPath = "";
			projectRoot = "";
			targets = (
				9E96ACCB1E32698700ABC59D /* MovieNight */,
			);
		};
/* End PBXProject section */

/* Begin PBXResourcesBuildPhase section */
		9E96ACCA1E32698700ABC59D /* Resources */ = {
			isa = PBXResourcesBuildPhase;
			buildActionMask = 2147483647;
			files = (
				9E96ACDA1E32698700ABC59D /* LaunchScreen.storyboard in Resources */,
				9EB8F01B1E36D4D700178420 /* Assets.xcassets in Resources */,
				9E96ACD51E32698700ABC59D /* Main.storyboard in Resources */,
			);
			runOnlyForDeploymentPostprocessing = 0;
		};
/* End PBXResourcesBuildPhase section */

/* Begin PBXSourcesBuildPhase section */
		9E96ACC81E32698700ABC59D /* Sources */ = {
			isa = PBXSourcesBuildPhase;
			buildActionMask = 2147483647;
			files = (
				9E391BE81E369D4B00D8EEB0 /* MoviesListViewController.swift in Sources */,
				9E391BE61E369D1500D8EEB0 /* GenresListViewController.swift in Sources */,
				9E96ACD21E32698700ABC59D /* ViewController.swift in Sources */,
				9E96ACD01E32698700ABC59D /* AppDelegate.swift in Sources */,
				9EA8C1991E37A55300E6D231 /* Helpers.swift in Sources */,
				9E391BEC1E369DA500D8EEB0 /* MovieResultsDetailViewController.swift in Sources */,
				9E391BEA1E369D7200D8EEB0 /* MovieResultsListViewController.swift in Sources */,
				9E1151EC1E36579F0018BA68 /* MovieClient.swift in Sources */,
				9EB8F0191E36C3DB00178420 /* GenreTableViewCell.swift in Sources */,
				9E1151E81E3643C90018BA68 /* APIClient.swift in Sources */,
				9E1151EA1E36528E0018BA68 /* Models.swift in Sources */,
			);
			runOnlyForDeploymentPostprocessing = 0;
		};
/* End PBXSourcesBuildPhase section */

/* Begin PBXVariantGroup section */
		9E96ACD31E32698700ABC59D /* Main.storyboard */ = {
			isa = PBXVariantGroup;
			children = (
				9E96ACD41E32698700ABC59D /* Base */,
			);
			name = Main.storyboard;
			sourceTree = "<group>";
		};
		9E96ACD81E32698700ABC59D /* LaunchScreen.storyboard */ = {
			isa = PBXVariantGroup;
			children = (
				9E96ACD91E32698700ABC59D /* Base */,
			);
			name = LaunchScreen.storyboard;
			sourceTree = "<group>";
		};
/* End PBXVariantGroup section */

/* Begin XCBuildConfiguration section */
		9E96ACDC1E32698700ABC59D /* Debug */ = {
			isa = XCBuildConfiguration;
			buildSettings = {
				ALWAYS_SEARCH_USER_PATHS = NO;
				CLANG_ANALYZER_NONNULL = YES;
				CLANG_CXX_LANGUAGE_STANDARD = "gnu++0x";
				CLANG_CXX_LIBRARY = "libc++";
				CLANG_ENABLE_MODULES = YES;
				CLANG_ENABLE_OBJC_ARC = YES;
				CLANG_WARN_BOOL_CONVERSION = YES;
				CLANG_WARN_CONSTANT_CONVERSION = YES;
				CLANG_WARN_DIRECT_OBJC_ISA_USAGE = YES_ERROR;
				CLANG_WARN_DOCUMENTATION_COMMENTS = YES;
				CLANG_WARN_EMPTY_BODY = YES;
				CLANG_WARN_ENUM_CONVERSION = YES;
				CLANG_WARN_INFINITE_RECURSION = YES;
				CLANG_WARN_INT_CONVERSION = YES;
				CLANG_WARN_OBJC_ROOT_CLASS = YES_ERROR;
				CLANG_WARN_SUSPICIOUS_MOVE = YES;
				CLANG_WARN_UNREACHABLE_CODE = YES;
				CLANG_WARN__DUPLICATE_METHOD_MATCH = YES;
				"CODE_SIGN_IDENTITY[sdk=iphoneos*]" = "iPhone Developer";
				COPY_PHASE_STRIP = NO;
				DEBUG_INFORMATION_FORMAT = dwarf;
				ENABLE_STRICT_OBJC_MSGSEND = YES;
				ENABLE_TESTABILITY = YES;
				GCC_C_LANGUAGE_STANDARD = gnu99;
				GCC_DYNAMIC_NO_PIC = NO;
				GCC_NO_COMMON_BLOCKS = YES;
				GCC_OPTIMIZATION_LEVEL = 0;
				GCC_PREPROCESSOR_DEFINITIONS = (
					"DEBUG=1",
					"$(inherited)",
				);
				GCC_WARN_64_TO_32_BIT_CONVERSION = YES;
				GCC_WARN_ABOUT_RETURN_TYPE = YES_ERROR;
				GCC_WARN_UNDECLARED_SELECTOR = YES;
				GCC_WARN_UNINITIALIZED_AUTOS = YES_AGGRESSIVE;
				GCC_WARN_UNUSED_FUNCTION = YES;
				GCC_WARN_UNUSED_VARIABLE = YES;
				IPHONEOS_DEPLOYMENT_TARGET = 10.2;
				MTL_ENABLE_DEBUG_INFO = YES;
				ONLY_ACTIVE_ARCH = YES;
				SDKROOT = iphoneos;
				SWIFT_ACTIVE_COMPILATION_CONDITIONS = DEBUG;
				SWIFT_OPTIMIZATION_LEVEL = "-Onone";
			};
			name = Debug;
		};
		9E96ACDD1E32698700ABC59D /* Release */ = {
			isa = XCBuildConfiguration;
			buildSettings = {
				ALWAYS_SEARCH_USER_PATHS = NO;
				CLANG_ANALYZER_NONNULL = YES;
				CLANG_CXX_LANGUAGE_STANDARD = "gnu++0x";
				CLANG_CXX_LIBRARY = "libc++";
				CLANG_ENABLE_MODULES = YES;
				CLANG_ENABLE_OBJC_ARC = YES;
				CLANG_WARN_BOOL_CONVERSION = YES;
				CLANG_WARN_CONSTANT_CONVERSION = YES;
				CLANG_WARN_DIRECT_OBJC_ISA_USAGE = YES_ERROR;
				CLANG_WARN_DOCUMENTATION_COMMENTS = YES;
				CLANG_WARN_EMPTY_BODY = YES;
				CLANG_WARN_ENUM_CONVERSION = YES;
				CLANG_WARN_INFINITE_RECURSION = YES;
				CLANG_WARN_INT_CONVERSION = YES;
				CLANG_WARN_OBJC_ROOT_CLASS = YES_ERROR;
				CLANG_WARN_SUSPICIOUS_MOVE = YES;
				CLANG_WARN_UNREACHABLE_CODE = YES;
				CLANG_WARN__DUPLICATE_METHOD_MATCH = YES;
				"CODE_SIGN_IDENTITY[sdk=iphoneos*]" = "iPhone Developer";
				COPY_PHASE_STRIP = NO;
				DEBUG_INFORMATION_FORMAT = "dwarf-with-dsym";
				ENABLE_NS_ASSERTIONS = NO;
				ENABLE_STRICT_OBJC_MSGSEND = YES;
				GCC_C_LANGUAGE_STANDARD = gnu99;
				GCC_NO_COMMON_BLOCKS = YES;
				GCC_WARN_64_TO_32_BIT_CONVERSION = YES;
				GCC_WARN_ABOUT_RETURN_TYPE = YES_ERROR;
				GCC_WARN_UNDECLARED_SELECTOR = YES;
				GCC_WARN_UNINITIALIZED_AUTOS = YES_AGGRESSIVE;
				GCC_WARN_UNUSED_FUNCTION = YES;
				GCC_WARN_UNUSED_VARIABLE = YES;
				IPHONEOS_DEPLOYMENT_TARGET = 10.2;
				MTL_ENABLE_DEBUG_INFO = NO;
				SDKROOT = iphoneos;
				SWIFT_OPTIMIZATION_LEVEL = "-Owholemodule";
				VALIDATE_PRODUCT = YES;
			};
			name = Release;
		};
		9E96ACDF1E32698700ABC59D /* Debug */ = {
			isa = XCBuildConfiguration;
			buildSettings = {
				ASSETCATALOG_COMPILER_APPICON_NAME = AppIcon;
				DEVELOPMENT_TEAM = 2K6RX929EU;
				INFOPLIST_FILE = MovieNight/Info.plist;
				LD_RUNPATH_SEARCH_PATHS = "$(inherited) @executable_path/Frameworks";
				PRODUCT_BUNDLE_IDENTIFIER = com.jolingenfelter.MovieNight;
				PRODUCT_NAME = "$(TARGET_NAME)";
				SWIFT_VERSION = 3.0;
			};
			name = Debug;
		};
		9E96ACE01E32698700ABC59D /* Release */ = {
			isa = XCBuildConfiguration;
			buildSettings = {
				ASSETCATALOG_COMPILER_APPICON_NAME = AppIcon;
				DEVELOPMENT_TEAM = 2K6RX929EU;
				INFOPLIST_FILE = MovieNight/Info.plist;
				LD_RUNPATH_SEARCH_PATHS = "$(inherited) @executable_path/Frameworks";
				PRODUCT_BUNDLE_IDENTIFIER = com.jolingenfelter.MovieNight;
				PRODUCT_NAME = "$(TARGET_NAME)";
				SWIFT_VERSION = 3.0;
			};
			name = Release;
		};
/* End XCBuildConfiguration section */

/* Begin XCConfigurationList section */
		9E96ACC71E32698700ABC59D /* Build configuration list for PBXProject "MovieNight" */ = {
			isa = XCConfigurationList;
			buildConfigurations = (
				9E96ACDC1E32698700ABC59D /* Debug */,
				9E96ACDD1E32698700ABC59D /* Release */,
			);
			defaultConfigurationIsVisible = 0;
			defaultConfigurationName = Release;
		};
		9E96ACDE1E32698700ABC59D /* Build configuration list for PBXNativeTarget "MovieNight" */ = {
			isa = XCConfigurationList;
			buildConfigurations = (
				9E96ACDF1E32698700ABC59D /* Debug */,
				9E96ACE01E32698700ABC59D /* Release */,
			);
			defaultConfigurationIsVisible = 0;
			defaultConfigurationName = Release;
		};
/* End XCConfigurationList section */
	};
	rootObject = 9E96ACC41E32698700ABC59D /* Project object */;
}
